// !$*UTF8*$!
{
	archiveVersion = 1;
	classes = {
	};
	objectVersion = 46;
	objects = {

/* Begin PBXBuildFile section */
		405F11A3153E4A96002883C3 /* UIKit.framework in Frameworks */ = {isa = PBXBuildFile; fileRef = 405F11A2153E4A96002883C3 /* UIKit.framework */; };
		405F11A5153E4A96002883C3 /* Foundation.framework in Frameworks */ = {isa = PBXBuildFile; fileRef = 405F11A4153E4A96002883C3 /* Foundation.framework */; };
		405F11A7153E4A96002883C3 /* CoreGraphics.framework in Frameworks */ = {isa = PBXBuildFile; fileRef = 405F11A6153E4A96002883C3 /* CoreGraphics.framework */; };
		405F11AD153E4A96002883C3 /* InfoPlist.strings in Resources */ = {isa = PBXBuildFile; fileRef = 405F11AB153E4A96002883C3 /* InfoPlist.strings */; };
		405F11AF153E4A96002883C3 /* main.m in Sources */ = {isa = PBXBuildFile; fileRef = 405F11AE153E4A96002883C3 /* main.m */; };
		405F11B3153E4A96002883C3 /* QuizAppDelegate.m in Sources */ = {isa = PBXBuildFile; fileRef = 405F11B2153E4A96002883C3 /* QuizAppDelegate.m */; };
		405F11B6153E4A96002883C3 /* QuizViewController.m in Sources */ = {isa = PBXBuildFile; fileRef = 405F11B5153E4A96002883C3 /* QuizViewController.m */; };
		405F11B9153E4A96002883C3 /* QuizViewController.xib in Resources */ = {isa = PBXBuildFile; fileRef = 405F11B7153E4A96002883C3 /* QuizViewController.xib */; };
/* End PBXBuildFile section */

/* Begin PBXFileReference section */
		405F119E153E4A96002883C3 /* Quiz.app */ = {isa = PBXFileReference; explicitFileType = wrapper.application; includeInIndex = 0; path = Quiz.app; sourceTree = BUILT_PRODUCTS_DIR; };
		405F11A2153E4A96002883C3 /* UIKit.framework */ = {isa = PBXFileReference; lastKnownFileType = wrapper.framework; name = UIKit.framework; path = System/Library/Frameworks/UIKit.framework; sourceTree = SDKROOT; };
		405F11A4153E4A96002883C3 /* Foundation.framework */ = {isa = PBXFileReference; lastKnownFileType = wrapper.framework; name = Foundation.framework; path = System/Library/Frameworks/Foundation.framework; sourceTree = SDKROOT; };
		405F11A6153E4A96002883C3 /* CoreGraphics.framework */ = {isa = PBXFileReference; lastKnownFileType = wrapper.framework; name = CoreGraphics.framework; path = System/Library/Frameworks/CoreGraphics.framework; sourceTree = SDKROOT; };
		405F11AA153E4A96002883C3 /* Quiz-Info.plist */ = {isa = PBXFileReference; path = "Quiz-Info.plist"; sourceTree = "<group>"; };
		405F11AC153E4A96002883C3 /* en */ = {isa = PBXFileReference; lastKnownFileType = text.plist.strings; name = en; path = en.lproj/InfoPlist.strings; sourceTree = "<group>"; };
		405F11AE153E4A96002883C3 /* main.m */ = {isa = PBXFileReference; lastKnownFileType = sourcecode.c.objc; path = main.m; sourceTree = "<group>"; };
		405F11B0153E4A96002883C3 /* Quiz-Prefix.pch */ = {isa = PBXFileReference; path = "Quiz-Prefix.pch"; sourceTree = "<group>"; };
		405F11B1153E4A96002883C3 /* QuizAppDelegate.h */ = {isa = PBXFileReference; path = QuizAppDelegate.h; sourceTree = "<group>"; };
		405F11B2153E4A96002883C3 /* QuizAppDelegate.m */ = {isa = PBXFileReference; lastKnownFileType = sourcecode.c.objc; path = QuizAppDelegate.m; sourceTree = "<group>"; };
		405F11B4153E4A96002883C3 /* QuizViewController.h */ = {isa = PBXFileReference; path = QuizViewController.h; sourceTree = "<group>"; };
		405F11B5153E4A96002883C3 /* QuizViewController.m */ = {isa = PBXFileReference; lastKnownFileType = sourcecode.c.objc; path = QuizViewController.m; sourceTree = "<group>"; };
		405F11B8153E4A96002883C3 /* en */ = {isa = PBXFileReference; lastKnownFileType = file.xib; name = en; path = en.lproj/QuizViewController.xib; sourceTree = "<group>"; };
/* End PBXFileReference section */

/* Begin PBXFrameworksBuildPhase section */
		405F119B153E4A96002883C3 /* Frameworks */ = {
			isa = PBXFrameworksBuildPhase;
			buildActionMask = 2147483647;
			files = (
				405F11A3153E4A96002883C3 /* UIKit.framework in Frameworks */,
				405F11A5153E4A96002883C3 /* Foundation.framework in Frameworks */,
				405F11A7153E4A96002883C3 /* CoreGraphics.framework in Frameworks */,
			);
			runOnlyForDeploymentPostprocessing = 0;
		};
/* End PBXFrameworksBuildPhase section */

/* Begin PBXGroup section */
		405F1193153E4A96002883C3 = {
			isa = PBXGroup;
			children = (
				405F11A8153E4A96002883C3 /* Quiz */,
				405F11A1153E4A96002883C3 /* Frameworks */,
				405F119F153E4A96002883C3 /* Products */,
			);
			sourceTree = "<group>";
		};
		405F119F153E4A96002883C3 /* Products */ = {
			isa = PBXGroup;
			children = (
				405F119E153E4A96002883C3 /* Quiz.app */,
			);
			name = Products;
			sourceTree = "<group>";
		};
		405F11A1153E4A96002883C3 /* Frameworks */ = {
			isa = PBXGroup;
			children = (
				405F11A2153E4A96002883C3 /* UIKit.framework */,
				405F11A4153E4A96002883C3 /* Foundation.framework */,
				405F11A6153E4A96002883C3 /* CoreGraphics.framework */,
			);
			name = Frameworks;
			sourceTree = "<group>";
		};
		405F11A8153E4A96002883C3 /* Quiz */ = {
			isa = PBXGroup;
			children = (
				405F11B1153E4A96002883C3 /* QuizAppDelegate.h */,
				405F11B2153E4A96002883C3 /* QuizAppDelegate.m */,
				405F11B4153E4A96002883C3 /* QuizViewController.h */,
				405F11B5153E4A96002883C3 /* QuizViewController.m */,
				405F11B7153E4A96002883C3 /* QuizViewController.xib */,
				405F11A9153E4A96002883C3 /* Supporting Files */,
			);
			path = Quiz;
			sourceTree = "<group>";
		};
		405F11A9153E4A96002883C3 /* Supporting Files */ = {
			isa = PBXGroup;
			children = (
				405F11AA153E4A96002883C3 /* Quiz-Info.plist */,
				405F11AB153E4A96002883C3 /* InfoPlist.strings */,
				405F11AE153E4A96002883C3 /* main.m */,
				405F11B0153E4A96002883C3 /* Quiz-Prefix.pch */,
			);
			name = "Supporting Files";
			sourceTree = "<group>";
		};
/* End PBXGroup section */

/* Begin PBXNativeTarget section */
		405F119D153E4A96002883C3 /* Quiz */ = {
			isa = PBXNativeTarget;
			buildConfigurationList = 405F11BC153E4A96002883C3 /* Build configuration list for PBXNativeTarget "Quiz" */;
			buildPhases = (
				405F119A153E4A96002883C3 /* Sources */,
				405F119B153E4A96002883C3 /* Frameworks */,
				405F119C153E4A96002883C3 /* Resources */,
			);
			buildRules = (
			);
			dependencies = (
			);
			name = Quiz;
			productName = Quiz;
			productReference = 405F119E153E4A96002883C3 /* Quiz.app */;
			productType = "com.apple.product-type.application";
		};
/* End PBXNativeTarget section */

/* Begin PBXProject section */
		405F1195153E4A96002883C3 /* Project object */ = {
			isa = PBXProject;
			attributes = {
				CLASSPREFIX = Quiz;
				LastUpgradeCheck = 0430;
				ORGANIZATIONNAME = "HRWorX LLC";
			};
			buildConfigurationList = 405F1198153E4A96002883C3 /* Build configuration list for PBXProject "Quiz" */;
			compatibilityVersion = "Xcode 3.2";
			developmentRegion = English;
			hasScannedForEncodings = 0;
			knownRegions = (
				en,
			);
			mainGroup = 405F1193153E4A96002883C3;
			productRefGroup = 405F119F153E4A96002883C3 /* Products */;
			projectDirPath = "";
			projectRoot = "";
			targets = (
				405F119D153E4A96002883C3 /* Quiz */,
			);
		};
/* End PBXProject section */

/* Begin PBXResourcesBuildPhase section */
		405F119C153E4A96002883C3 /* Resources */ = {
			isa = PBXResourcesBuildPhase;
			buildActionMask = 2147483647;
			files = (
				405F11AD153E4A96002883C3 /* InfoPlist.strings in Resources */,
				405F11B9153E4A96002883C3 /* QuizViewController.xib in Resources */,
			);
			runOnlyForDeploymentPostprocessing = 0;
		};
/* End PBXResourcesBuildPhase section */

/* Begin PBXSourcesBuildPhase section */
		405F119A153E4A96002883C3 /* Sources */ = {
			isa = PBXSourcesBuildPhase;
			buildActionMask = 2147483647;
			files = (
				405F11AF153E4A96002883C3 /* main.m in Sources */,
				405F11B3153E4A96002883C3 /* QuizAppDelegate.m in Sources */,
				405F11B6153E4A96002883C3 /* QuizViewController.m in Sources */,
			);
			runOnlyForDeploymentPostprocessing = 0;
		};
/* End PBXSourcesBuildPhase section */

/* Begin PBXVariantGroup section */
		405F11AB153E4A96002883C3 /* InfoPlist.strings */ = {
			isa = PBXVariantGroup;
			children = (
				405F11AC153E4A96002883C3 /* en */,
			);
			name = InfoPlist.strings;
			sourceTree = "<group>";
		};
		405F11B7153E4A96002883C3 /* QuizViewController.xib */ = {
			isa = PBXVariantGroup;
			children = (
				405F11B8153E4A96002883C3 /* en */,
			);
			name = QuizViewController.xib;
			sourceTree = "<group>";
		};
/* End PBXVariantGroup section */

/* Begin XCBuildConfiguration section */
		405F11BA153E4A96002883C3 /* Debug */ = {
			isa = XCBuildConfiguration;
			buildSettings = {
				ALWAYS_SEARCH_USER_PATHS = NO;
				ARCHS = "$(ARCHS_STANDARD_32_BIT)";
				CLANG_ENABLE_OBJC_ARC = YES;
				"CODE_SIGN_IDENTITY[sdk=iphoneos*]" = "iPhone Developer";
				COPY_PHASE_STRIP = NO;
				GCC_C_LANGUAGE_STANDARD = gnu99;
				GCC_DYNAMIC_NO_PIC = NO;
				GCC_OPTIMIZATION_LEVEL = 0;
				GCC_PREPROCESSOR_DEFINITIONS = (
					"DEBUG=1",
					"$(inherited)",
				);
				GCC_SYMBOLS_PRIVATE_EXTERN = NO;
				GCC_VERSION = com.apple.compilers.llvm.clang.1_0;
				GCC_WARN_ABOUT_RETURN_TYPE = YES;
				GCC_WARN_UNINITIALIZED_AUTOS = YES;
				GCC_WARN_UNUSED_VARIABLE = YES;
				IPHONEOS_DEPLOYMENT_TARGET = 5.1;
				SDKROOT = iphoneos;
			};
			name = Debug;
		};
		405F11BB153E4A96002883C3 /* Release */ = {
			isa = XCBuildConfiguration;
			buildSettings = {
				ALWAYS_SEARCH_USER_PATHS = NO;
				ARCHS = "$(ARCHS_STANDARD_32_BIT)";
				CLANG_ENABLE_OBJC_ARC = YES;
				"CODE_SIGN_IDENTITY[sdk=iphoneos*]" = "iPhone Developer";
				COPY_PHASE_STRIP = YES;
				GCC_C_LANGUAGE_STANDARD = gnu99;
				GCC_VERSION = com.apple.compilers.llvm.clang.1_0;
				GCC_WARN_ABOUT_RETURN_TYPE = YES;
				GCC_WARN_UNINITIALIZED_AUTOS = YES;
				GCC_WARN_UNUSED_VARIABLE = YES;
				IPHONEOS_DEPLOYMENT_TARGET = 5.1;
				OTHER_CFLAGS = "-DNS_BLOCK_ASSERTIONS=1";
				SDKROOT = iphoneos;
				VALIDATE_PRODUCT = YES;
			};
			name = Release;
		};
		405F11BD153E4A96002883C3 /* Debug */ = {
			isa = XCBuildConfiguration;
			buildSettings = {
				GCC_PRECOMPILE_PREFIX_HEADER = YES;
				GCC_PREFIX_HEADER = "Quiz/Quiz-Prefix.pch";
				INFOPLIST_FILE = "Quiz/Quiz-Info.plist";
				PRODUCT_NAME = "$(TARGET_NAME)";
				WRAPPER_EXTENSION = app;
			};
			name = Debug;
		};
		405F11BE153E4A96002883C3 /* Release */ = {
			isa = XCBuildConfiguration;
			buildSettings = {
				GCC_PRECOMPILE_PREFIX_HEADER = YES;
				GCC_PREFIX_HEADER = "Quiz/Quiz-Prefix.pch";
				INFOPLIST_FILE = "Quiz/Quiz-Info.plist";
				PRODUCT_NAME = "$(TARGET_NAME)";
				WRAPPER_EXTENSION = app;
			};
			name = Release;
		};
/* End XCBuildConfiguration section */

/* Begin XCConfigurationList section */
		405F1198153E4A96002883C3 /* Build configuration list for PBXProject "Quiz" */ = {
			isa = XCConfigurationList;
			buildConfigurations = (
				405F11BA153E4A96002883C3 /* Debug */,
				405F11BB153E4A96002883C3 /* Release */,
			);
			defaultConfigurationIsVisible = 0;
			defaultConfigurationName = Release;
		};
		405F11BC153E4A96002883C3 /* Build configuration list for PBXNativeTarget "Quiz" */ = {
			isa = XCConfigurationList;
			buildConfigurations = (
				405F11BD153E4A96002883C3 /* Debug */,
				405F11BE153E4A96002883C3 /* Release */,
			);
			defaultConfigurationIsVisible = 0;
		};
/* End XCConfigurationList section */
	};
	rootObject = 405F1195153E4A96002883C3 /* Project object */;
}
